
Microsoft Visual Studio Solution File, Format Version 12.00
# Visual Studio 15
VisualStudioVersion = 15.0.26430.16
MinimumVisualStudioVersion = 10.0.40219.1
Project("{9A19103F-16F7-4668-BE54-9A1E7A4F7556}") = "ToasterService.Api", "ToasterService.Api\ToasterService.Api.csproj", "{5AB58466-DB2D-4DEA-BD9C-A7D6F60973F4}"
EndProject
Project("{9A19103F-16F7-4668-BE54-9A1E7A4F7556}") = "Orleans.AspNetCore", "Orleans.AspNetCore\Orleans.AspNetCore.csproj", "{D1E179D9-586F-42A5-B212-7D24C451C58C}"
EndProject
Project("{E53339B2-1760-4266-BCC7-CA923CBCF16C}") = "docker-compose", "docker-compose.dcproj", "{63AF8AD8-5965-4DAE-8F2A-488CBAF36BAC}"
EndProject
Global
	GlobalSection(SolutionConfigurationPlatforms) = preSolution
		Debug|Any CPU = Debug|Any CPU
		Release|Any CPU = Release|Any CPU
	EndGlobalSection
	GlobalSection(ProjectConfigurationPlatforms) = postSolution
		{5AB58466-DB2D-4DEA-BD9C-A7D6F60973F4}.Debug|Any CPU.ActiveCfg = Debug|Any CPU
		{5AB58466-DB2D-4DEA-BD9C-A7D6F60973F4}.Debug|Any CPU.Build.0 = Debug|Any CPU
		{5AB58466-DB2D-4DEA-BD9C-A7D6F60973F4}.Release|Any CPU.ActiveCfg = Release|Any CPU
		{5AB58466-DB2D-4DEA-BD9C-A7D6F60973F4}.Release|Any CPU.Build.0 = Release|Any CPU
		{D1E179D9-586F-42A5-B212-7D24C451C58C}.Debug|Any CPU.ActiveCfg = Debug|Any CPU
		{D1E179D9-586F-42A5-B212-7D24C451C58C}.Debug|Any CPU.Build.0 = Debug|Any CPU
		{D1E179D9-586F-42A5-B212-7D24C451C58C}.Release|Any CPU.ActiveCfg = Release|Any CPU
		{D1E179D9-586F-42A5-B212-7D24C451C58C}.Release|Any CPU.Build.0 = Release|Any CPU
		{63AF8AD8-5965-4DAE-8F2A-488CBAF36BAC}.Debug|Any CPU.ActiveCfg = Debug|Any CPU
		{63AF8AD8-5965-4DAE-8F2A-488CBAF36BAC}.Debug|Any CPU.Build.0 = Debug|Any CPU
		{63AF8AD8-5965-4DAE-8F2A-488CBAF36BAC}.Release|Any CPU.ActiveCfg = Release|Any CPU
		{63AF8AD8-5965-4DAE-8F2A-488CBAF36BAC}.Release|Any CPU.Build.0 = Release|Any CPU
	EndGlobalSection
	GlobalSection(SolutionProperties) = preSolution
		HideSolutionNode = FALSE
	EndGlobalSection
EndGlobal
